
Microsoft Visual Studio Solution File, Format Version 11.00
# Visual Studio 2010
Project("{8BC9CEB8-8B4A-11D0-8D11-00A0C91BC942}") = "Five_in_a_row", "Five_in_a_row\Five_in_a_row.vcxproj", "{312BD959-9F22-4D26-BD64-BC68D795FD0B}"
EndProject
Global
	GlobalSection(SolutionConfigurationPlatforms) = preSolution
		Debug|Win32 = Debug|Win32
		Release|Win32 = Release|Win32
	EndGlobalSection
	GlobalSection(ProjectConfigurationPlatforms) = postSolution
		{312BD959-9F22-4D26-BD64-BC68D795FD0B}.Debug|Win32.ActiveCfg = Debug|Win32
		{312BD959-9F22-4D26-BD64-BC68D795FD0B}.Debug|Win32.Build.0 = Debug|Win32
		{312BD959-9F22-4D26-BD64-BC68D795FD0B}.Release|Win32.ActiveCfg = Release|Win32
		{312BD959-9F22-4D26-BD64-BC68D795FD0B}.Release|Win32.Build.0 = Release|Win32
	EndGlobalSection
	GlobalSection(SolutionProperties) = preSolution
		HideSolutionNode = FALSE
	EndGlobalSection
EndGlobal
